// !$*UTF8*$!
{
	archiveVersion = 1;
	classes = {
	};
	objectVersion = 46;
	objects = {

/* Begin PBXBuildFile section */
		481E0D7819D83E5C00FFEE91 /* SSLocationViewController.m in Sources */ = {isa = PBXBuildFile; fileRef = 481E0D7719D83E5C00FFEE91 /* SSLocationViewController.m */; };
		481E0D7F19D83F2E00FFEE91 /* DSLocationViewController.m in Sources */ = {isa = PBXBuildFile; fileRef = 481E0D7D19D83F2E00FFEE91 /* DSLocationViewController.m */; };
		481E0D8019D83F2E00FFEE91 /* DSLocationViewController.xib in Resources */ = {isa = PBXBuildFile; fileRef = 481E0D7E19D83F2E00FFEE91 /* DSLocationViewController.xib */; };
		481E0D8219D841C900FFEE91 /* back.png in Resources */ = {isa = PBXBuildFile; fileRef = 481E0D8119D841C900FFEE91 /* back.png */; };
		481E0D8519D9864900FFEE91 /* day_select.png in Resources */ = {isa = PBXBuildFile; fileRef = 481E0D8319D9864900FFEE91 /* day_select.png */; };
		481E0D8619D9864900FFEE91 /* day_un_select.png in Resources */ = {isa = PBXBuildFile; fileRef = 481E0D8419D9864900FFEE91 /* day_un_select.png */; };
		481E0E1E19D996D100FFEE91 /* ASIAuthenticationDialog.m in Sources */ = {isa = PBXBuildFile; fileRef = 481E0E0B19D996D100FFEE91 /* ASIAuthenticationDialog.m */; settings = {COMPILER_FLAGS = "-fno-objc-arc"; }; };
		481E0E1F19D996D100FFEE91 /* ASIDataCompressor.m in Sources */ = {isa = PBXBuildFile; fileRef = 481E0E0E19D996D100FFEE91 /* ASIDataCompressor.m */; settings = {COMPILER_FLAGS = "-fno-objc-arc"; }; };
		481E0E2019D996D100FFEE91 /* ASIDataDecompressor.m in Sources */ = {isa = PBXBuildFile; fileRef = 481E0E1019D996D100FFEE91 /* ASIDataDecompressor.m */; settings = {COMPILER_FLAGS = "-fno-objc-arc"; }; };
		481E0E2119D996D100FFEE91 /* ASIDownloadCache.m in Sources */ = {isa = PBXBuildFile; fileRef = 481E0E1219D996D100FFEE91 /* ASIDownloadCache.m */; settings = {COMPILER_FLAGS = "-fno-objc-arc"; }; };
		481E0E2219D996D100FFEE91 /* ASIFormDataRequest.m in Sources */ = {isa = PBXBuildFile; fileRef = 481E0E1419D996D100FFEE91 /* ASIFormDataRequest.m */; settings = {COMPILER_FLAGS = "-fno-objc-arc"; }; };
		481E0E2319D996D100FFEE91 /* ASIHTTPRequest.m in Sources */ = {isa = PBXBuildFile; fileRef = 481E0E1619D996D100FFEE91 /* ASIHTTPRequest.m */; settings = {COMPILER_FLAGS = "-fno-objc-arc"; }; };
		481E0E2419D996D100FFEE91 /* ASIInputStream.m in Sources */ = {isa = PBXBuildFile; fileRef = 481E0E1A19D996D100FFEE91 /* ASIInputStream.m */; settings = {COMPILER_FLAGS = "-fno-objc-arc"; }; };
		481E0E2519D996D100FFEE91 /* ASINetworkQueue.m in Sources */ = {isa = PBXBuildFile; fileRef = 481E0E1C19D996D100FFEE91 /* ASINetworkQueue.m */; settings = {COMPILER_FLAGS = "-fno-objc-arc"; }; };
		481E0E2919D9977600FFEE91 /* Reachability.m in Sources */ = {isa = PBXBuildFile; fileRef = 481E0E2819D9977600FFEE91 /* Reachability.m */; settings = {COMPILER_FLAGS = "-fno-objc-arc"; }; };
		481E0E2B19D9985400FFEE91 /* CFNetwork.framework in Frameworks */ = {isa = PBXBuildFile; fileRef = 481E0E2A19D9985400FFEE91 /* CFNetwork.framework */; };
		481E0E2D19D9986300FFEE91 /* SystemConfiguration.framework in Frameworks */ = {isa = PBXBuildFile; fileRef = 481E0E2C19D9986300FFEE91 /* SystemConfiguration.framework */; };
		481E0E2F19D9986A00FFEE91 /* MobileCoreServices.framework in Frameworks */ = {isa = PBXBuildFile; fileRef = 481E0E2E19D9986A00FFEE91 /* MobileCoreServices.framework */; };
		481E0E3119D9987000FFEE91 /* CoreGraphics.framework in Frameworks */ = {isa = PBXBuildFile; fileRef = 481E0E3019D9987000FFEE91 /* CoreGraphics.framework */; };
		481E0E3319D9987F00FFEE91 /* libz.1.2.5.dylib in Frameworks */ = {isa = PBXBuildFile; fileRef = 481E0E3219D9987F00FFEE91 /* libz.1.2.5.dylib */; };
		482B8BB919D4702C00FDC224 /* main.m in Sources */ = {isa = PBXBuildFile; fileRef = 482B8BB819D4702C00FDC224 /* main.m */; };
		482B8BBC19D4702C00FDC224 /* AppDelegate.mm in Sources */ = {isa = PBXBuildFile; fileRef = 482B8BBB19D4702C00FDC224 /* AppDelegate.mm */; };
		482B8BBF19D4702C00FDC224 /* ViewController.m in Sources */ = {isa = PBXBuildFile; fileRef = 482B8BBE19D4702C00FDC224 /* ViewController.m */; };
		482B8BC219D4702D00FDC224 /* Main.storyboard in Resources */ = {isa = PBXBuildFile; fileRef = 482B8BC019D4702D00FDC224 /* Main.storyboard */; };
		482B8BC419D4702D00FDC224 /* Images.xcassets in Resources */ = {isa = PBXBuildFile; fileRef = 482B8BC319D4702D00FDC224 /* Images.xcassets */; };
		482B8BC719D4702D00FDC224 /* LaunchScreen.xib in Resources */ = {isa = PBXBuildFile; fileRef = 482B8BC519D4702D00FDC224 /* LaunchScreen.xib */; };
		482B8BD319D4702D00FDC224 /* GPSLocationTests.m in Sources */ = {isa = PBXBuildFile; fileRef = 482B8BD219D4702D00FDC224 /* GPSLocationTests.m */; };
		482B8BE319D4717600FDC224 /* round_1.png in Resources */ = {isa = PBXBuildFile; fileRef = 482B8BDE19D4717600FDC224 /* round_1.png */; };
		482B8BE419D4717600FDC224 /* round_2.png in Resources */ = {isa = PBXBuildFile; fileRef = 482B8BDF19D4717600FDC224 /* round_2.png */; };
		482B8BE519D4717600FDC224 /* round_3.png in Resources */ = {isa = PBXBuildFile; fileRef = 482B8BE019D4717600FDC224 /* round_3.png */; };
		482B8BE619D4717600FDC224 /* round_4.png in Resources */ = {isa = PBXBuildFile; fileRef = 482B8BE119D4717600FDC224 /* round_4.png */; };
		482B8BE719D4717600FDC224 /* round_5.png in Resources */ = {isa = PBXBuildFile; fileRef = 482B8BE219D4717600FDC224 /* round_5.png */; };
		4838059F19DCF301003C283A /* RockWaitView.m in Sources */ = {isa = PBXBuildFile; fileRef = 4838059E19DCF301003C283A /* RockWaitView.m */; };
		483805A619DD8C52003C283A /* DSHistoryViewController.m in Sources */ = {isa = PBXBuildFile; fileRef = 483805A419DD8C52003C283A /* DSHistoryViewController.m */; };
		483805A719DD8C52003C283A /* DSHistoryViewController.xib in Resources */ = {isa = PBXBuildFile; fileRef = 483805A519DD8C52003C283A /* DSHistoryViewController.xib */; };
		483805AA19DD974F003C283A /* HistoryViewController.m in Sources */ = {isa = PBXBuildFile; fileRef = 483805A919DD974F003C283A /* HistoryViewController.m */; };
		483805AE19DD981C003C283A /* AboutViewController.m in Sources */ = {isa = PBXBuildFile; fileRef = 483805AC19DD981C003C283A /* AboutViewController.m */; };
		483805AF19DD981C003C283A /* AboutViewController.xib in Resources */ = {isa = PBXBuildFile; fileRef = 483805AD19DD981C003C283A /* AboutViewController.xib */; };
		485F195919F93C2E00824BF5 /* libbaidumapapi.a in Frameworks */ = {isa = PBXBuildFile; fileRef = 485F195819F93C2E00824BF5 /* libbaidumapapi.a */; };
		485FD4B319E37467002E3C94 /* Mobile.txt in Resources */ = {isa = PBXBuildFile; fileRef = 485FD4B219E37467002E3C94 /* Mobile.txt */; };
		489E340119E55FE400A296AC /* mapapi.bundle in Resources */ = {isa = PBXBuildFile; fileRef = 489E33FC19E55FE400A296AC /* mapapi.bundle */; };
		489E340519E5734400A296AC /* CoreLocation.framework in Frameworks */ = {isa = PBXBuildFile; fileRef = 489E340419E5734400A296AC /* CoreLocation.framework */; };
		489E340719E5734C00A296AC /* QuartzCore.framework in Frameworks */ = {isa = PBXBuildFile; fileRef = 489E340619E5734C00A296AC /* QuartzCore.framework */; };
		489E340919E5735300A296AC /* OpenGLES.framework in Frameworks */ = {isa = PBXBuildFile; fileRef = 489E340819E5735300A296AC /* OpenGLES.framework */; };
		489E340B19E5736A00A296AC /* Security.framework in Frameworks */ = {isa = PBXBuildFile; fileRef = 489E340A19E5736A00A296AC /* Security.framework */; };
		489E344119E6B53800A296AC /* 58.png in Resources */ = {isa = PBXBuildFile; fileRef = 489E343919E6B53800A296AC /* 58.png */; };
		489E344219E6B53800A296AC /* 87.png in Resources */ = {isa = PBXBuildFile; fileRef = 489E343A19E6B53800A296AC /* 87.png */; };
		489E344319E6B53800A296AC /* 120.png in Resources */ = {isa = PBXBuildFile; fileRef = 489E343B19E6B53800A296AC /* 120.png */; };
		489E344419E6B53800A296AC /* 128.png in Resources */ = {isa = PBXBuildFile; fileRef = 489E343C19E6B53800A296AC /* 128.png */; };
		489E344519E6B53800A296AC /* 180.png in Resources */ = {isa = PBXBuildFile; fileRef = 489E343D19E6B53800A296AC /* 180.png */; };
		489E344619E6B53800A296AC /* 256.png in Resources */ = {isa = PBXBuildFile; fileRef = 489E343E19E6B53800A296AC /* 256.png */; };
		489E344719E6B53800A296AC /* 512.png in Resources */ = {isa = PBXBuildFile; fileRef = 489E343F19E6B53800A296AC /* 512.png */; };
		489E344819E6B53800A296AC /* 1024.png in Resources */ = {isa = PBXBuildFile; fileRef = 489E344019E6B53800A296AC /* 1024.png */; };
		489E344A19E6B93000A296AC /* 80.png in Resources */ = {isa = PBXBuildFile; fileRef = 489E344919E6B93000A296AC /* 80.png */; };
/* End PBXBuildFile section */

/* Begin PBXContainerItemProxy section */
		482B8BCD19D4702D00FDC224 /* PBXContainerItemProxy */ = {
			isa = PBXContainerItemProxy;
			containerPortal = 482B8BAB19D4702C00FDC224 /* Project object */;
			proxyType = 1;
			remoteGlobalIDString = 482B8BB219D4702C00FDC224;
			remoteInfo = GPSLocation;
		};
/* End PBXContainerItemProxy section */

/* Begin PBXFileReference section */
		481E0D7619D83E5C00FFEE91 /* SSLocationViewController.h */ = {isa = PBXFileReference; fileEncoding = 4; lastKnownFileType = sourcecode.c.h; path = SSLocationViewController.h; sourceTree = "<group>"; };
		481E0D7719D83E5C00FFEE91 /* SSLocationViewController.m */ = {isa = PBXFileReference; fileEncoding = 4; lastKnownFileType = sourcecode.c.objc; path = SSLocationViewController.m; sourceTree = "<group>"; };
		481E0D7C19D83F2E00FFEE91 /* DSLocationViewController.h */ = {isa = PBXFileReference; fileEncoding = 4; lastKnownFileType = sourcecode.c.h; path = DSLocationViewController.h; sourceTree = "<group>"; };
		481E0D7D19D83F2E00FFEE91 /* DSLocationViewController.m */ = {isa = PBXFileReference; fileEncoding = 4; lastKnownFileType = sourcecode.c.objc; path = DSLocationViewController.m; sourceTree = "<group>"; };
		481E0D7E19D83F2E00FFEE91 /* DSLocationViewController.xib */ = {isa = PBXFileReference; fileEncoding = 4; lastKnownFileType = file.xib; path = DSLocationViewController.xib; sourceTree = "<group>"; };
		481E0D8119D841C900FFEE91 /* back.png */ = {isa = PBXFileReference; lastKnownFileType = image.png; path = back.png; sourceTree = "<group>"; };
		481E0D8319D9864900FFEE91 /* day_select.png */ = {isa = PBXFileReference; lastKnownFileType = image.png; path = day_select.png; sourceTree = "<group>"; };
		481E0D8419D9864900FFEE91 /* day_un_select.png */ = {isa = PBXFileReference; lastKnownFileType = image.png; path = day_un_select.png; sourceTree = "<group>"; };
		481E0E0A19D996D100FFEE91 /* ASIAuthenticationDialog.h */ = {isa = PBXFileReference; fileEncoding = 4; lastKnownFileType = sourcecode.c.h; path = ASIAuthenticationDialog.h; sourceTree = "<group>"; };
		481E0E0B19D996D100FFEE91 /* ASIAuthenticationDialog.m */ = {isa = PBXFileReference; fileEncoding = 4; lastKnownFileType = sourcecode.c.objc; path = ASIAuthenticationDialog.m; sourceTree = "<group>"; };
		481E0E0C19D996D100FFEE91 /* ASICacheDelegate.h */ = {isa = PBXFileReference; fileEncoding = 4; lastKnownFileType = sourcecode.c.h; path = ASICacheDelegate.h; sourceTree = "<group>"; };
		481E0E0D19D996D100FFEE91 /* ASIDataCompressor.h */ = {isa = PBXFileReference; fileEncoding = 4; lastKnownFileType = sourcecode.c.h; path = ASIDataCompressor.h; sourceTree = "<group>"; };
		481E0E0E19D996D100FFEE91 /* ASIDataCompressor.m */ = {isa = PBXFileReference; fileEncoding = 4; lastKnownFileType = sourcecode.c.objc; path = ASIDataCompressor.m; sourceTree = "<group>"; };
		481E0E0F19D996D100FFEE91 /* ASIDataDecompressor.h */ = {isa = PBXFileReference; fileEncoding = 4; lastKnownFileType = sourcecode.c.h; path = ASIDataDecompressor.h; sourceTree = "<group>"; };
		481E0E1019D996D100FFEE91 /* ASIDataDecompressor.m */ = {isa = PBXFileReference; fileEncoding = 4; lastKnownFileType = sourcecode.c.objc; path = ASIDataDecompressor.m; sourceTree = "<group>"; };
		481E0E1119D996D100FFEE91 /* ASIDownloadCache.h */ = {isa = PBXFileReference; fileEncoding = 4; lastKnownFileType = sourcecode.c.h; path = ASIDownloadCache.h; sourceTree = "<group>"; };
		481E0E1219D996D100FFEE91 /* ASIDownloadCache.m */ = {isa = PBXFileReference; fileEncoding = 4; lastKnownFileType = sourcecode.c.objc; path = ASIDownloadCache.m; sourceTree = "<group>"; };
		481E0E1319D996D100FFEE91 /* ASIFormDataRequest.h */ = {isa = PBXFileReference; fileEncoding = 4; lastKnownFileType = sourcecode.c.h; path = ASIFormDataRequest.h; sourceTree = "<group>"; };
		481E0E1419D996D100FFEE91 /* ASIFormDataRequest.m */ = {isa = PBXFileReference; fileEncoding = 4; lastKnownFileType = sourcecode.c.objc; path = ASIFormDataRequest.m; sourceTree = "<group>"; };
		481E0E1519D996D100FFEE91 /* ASIHTTPRequest.h */ = {isa = PBXFileReference; fileEncoding = 4; lastKnownFileType = sourcecode.c.h; path = ASIHTTPRequest.h; sourceTree = "<group>"; };
		481E0E1619D996D100FFEE91 /* ASIHTTPRequest.m */ = {isa = PBXFileReference; fileEncoding = 4; lastKnownFileType = sourcecode.c.objc; path = ASIHTTPRequest.m; sourceTree = "<group>"; };
		481E0E1719D996D100FFEE91 /* ASIHTTPRequestConfig.h */ = {isa = PBXFileReference; fileEncoding = 4; lastKnownFileType = sourcecode.c.h; path = ASIHTTPRequestConfig.h; sourceTree = "<group>"; };
		481E0E1819D996D100FFEE91 /* ASIHTTPRequestDelegate.h */ = {isa = PBXFileReference; fileEncoding = 4; lastKnownFileType = sourcecode.c.h; path = ASIHTTPRequestDelegate.h; sourceTree = "<group>"; };
		481E0E1919D996D100FFEE91 /* ASIInputStream.h */ = {isa = PBXFileReference; fileEncoding = 4; lastKnownFileType = sourcecode.c.h; path = ASIInputStream.h; sourceTree = "<group>"; };
		481E0E1A19D996D100FFEE91 /* ASIInputStream.m */ = {isa = PBXFileReference; fileEncoding = 4; lastKnownFileType = sourcecode.c.objc; path = ASIInputStream.m; sourceTree = "<group>"; };
		481E0E1B19D996D100FFEE91 /* ASINetworkQueue.h */ = {isa = PBXFileReference; fileEncoding = 4; lastKnownFileType = sourcecode.c.h; path = ASINetworkQueue.h; sourceTree = "<group>"; };
		481E0E1C19D996D100FFEE91 /* ASINetworkQueue.m */ = {isa = PBXFileReference; fileEncoding = 4; lastKnownFileType = sourcecode.c.objc; path = ASINetworkQueue.m; sourceTree = "<group>"; };
		481E0E1D19D996D100FFEE91 /* ASIProgressDelegate.h */ = {isa = PBXFileReference; fileEncoding = 4; lastKnownFileType = sourcecode.c.h; path = ASIProgressDelegate.h; sourceTree = "<group>"; };
		481E0E2719D9977600FFEE91 /* Reachability.h */ = {isa = PBXFileReference; fileEncoding = 4; lastKnownFileType = sourcecode.c.h; path = Reachability.h; sourceTree = "<group>"; };
		481E0E2819D9977600FFEE91 /* Reachability.m */ = {isa = PBXFileReference; fileEncoding = 4; lastKnownFileType = sourcecode.c.objc; path = Reachability.m; sourceTree = "<group>"; };
		481E0E2A19D9985400FFEE91 /* CFNetwork.framework */ = {isa = PBXFileReference; lastKnownFileType = wrapper.framework; name = CFNetwork.framework; path = System/Library/Frameworks/CFNetwork.framework; sourceTree = SDKROOT; };
		481E0E2C19D9986300FFEE91 /* SystemConfiguration.framework */ = {isa = PBXFileReference; lastKnownFileType = wrapper.framework; name = SystemConfiguration.framework; path = System/Library/Frameworks/SystemConfiguration.framework; sourceTree = SDKROOT; };
		481E0E2E19D9986A00FFEE91 /* MobileCoreServices.framework */ = {isa = PBXFileReference; lastKnownFileType = wrapper.framework; name = MobileCoreServices.framework; path = System/Library/Frameworks/MobileCoreServices.framework; sourceTree = SDKROOT; };
		481E0E3019D9987000FFEE91 /* CoreGraphics.framework */ = {isa = PBXFileReference; lastKnownFileType = wrapper.framework; name = CoreGraphics.framework; path = System/Library/Frameworks/CoreGraphics.framework; sourceTree = SDKROOT; };
		481E0E3219D9987F00FFEE91 /* libz.1.2.5.dylib */ = {isa = PBXFileReference; lastKnownFileType = "compiled.mach-o.dylib"; name = libz.1.2.5.dylib; path = usr/lib/libz.1.2.5.dylib; sourceTree = SDKROOT; };
		482B8BB319D4702C00FDC224 /* GPSLocation.app */ = {isa = PBXFileReference; explicitFileType = wrapper.application; includeInIndex = 0; path = GPSLocation.app; sourceTree = BUILT_PRODUCTS_DIR; };
		482B8BB719D4702C00FDC224 /* Info.plist */ = {isa = PBXFileReference; lastKnownFileType = text.plist.xml; path = Info.plist; sourceTree = "<group>"; };
		482B8BB819D4702C00FDC224 /* main.m */ = {isa = PBXFileReference; lastKnownFileType = sourcecode.c.objc; path = main.m; sourceTree = "<group>"; };
		482B8BBA19D4702C00FDC224 /* AppDelegate.h */ = {isa = PBXFileReference; lastKnownFileType = sourcecode.c.h; path = AppDelegate.h; sourceTree = "<group>"; };
		482B8BBB19D4702C00FDC224 /* AppDelegate.mm */ = {isa = PBXFileReference; lastKnownFileType = sourcecode.cpp.objcpp; path = AppDelegate.mm; sourceTree = "<group>"; };
		482B8BBD19D4702C00FDC224 /* ViewController.h */ = {isa = PBXFileReference; lastKnownFileType = sourcecode.c.h; path = ViewController.h; sourceTree = "<group>"; };
		482B8BBE19D4702C00FDC224 /* ViewController.m */ = {isa = PBXFileReference; lastKnownFileType = sourcecode.c.objc; path = ViewController.m; sourceTree = "<group>"; };
		482B8BC119D4702D00FDC224 /* Base */ = {isa = PBXFileReference; lastKnownFileType = file.storyboard; name = Base; path = Base.lproj/Main.storyboard; sourceTree = "<group>"; };
		482B8BC319D4702D00FDC224 /* Images.xcassets */ = {isa = PBXFileReference; lastKnownFileType = folder.assetcatalog; path = Images.xcassets; sourceTree = "<group>"; };
		482B8BC619D4702D00FDC224 /* Base */ = {isa = PBXFileReference; lastKnownFileType = file.xib; name = Base; path = Base.lproj/LaunchScreen.xib; sourceTree = "<group>"; };
		482B8BCC19D4702D00FDC224 /* GPSLocationTests.xctest */ = {isa = PBXFileReference; explicitFileType = wrapper.cfbundle; includeInIndex = 0; path = GPSLocationTests.xctest; sourceTree = BUILT_PRODUCTS_DIR; };
		482B8BD119D4702D00FDC224 /* Info.plist */ = {isa = PBXFileReference; lastKnownFileType = text.plist.xml; path = Info.plist; sourceTree = "<group>"; };
		482B8BD219D4702D00FDC224 /* GPSLocationTests.m */ = {isa = PBXFileReference; lastKnownFileType = sourcecode.c.objc; path = GPSLocationTests.m; sourceTree = "<group>"; };
		482B8BDE19D4717600FDC224 /* round_1.png */ = {isa = PBXFileReference; lastKnownFileType = image.png; path = round_1.png; sourceTree = "<group>"; };
		482B8BDF19D4717600FDC224 /* round_2.png */ = {isa = PBXFileReference; lastKnownFileType = image.png; path = round_2.png; sourceTree = "<group>"; };
		482B8BE019D4717600FDC224 /* round_3.png */ = {isa = PBXFileReference; lastKnownFileType = image.png; path = round_3.png; sourceTree = "<group>"; };
		482B8BE119D4717600FDC224 /* round_4.png */ = {isa = PBXFileReference; lastKnownFileType = image.png; path = round_4.png; sourceTree = "<group>"; };
		482B8BE219D4717600FDC224 /* round_5.png */ = {isa = PBXFileReference; lastKnownFileType = image.png; path = round_5.png; sourceTree = "<group>"; };
		4838059D19DCF301003C283A /* RockWaitView.h */ = {isa = PBXFileReference; fileEncoding = 4; lastKnownFileType = sourcecode.c.h; path = RockWaitView.h; sourceTree = "<group>"; };
		4838059E19DCF301003C283A /* RockWaitView.m */ = {isa = PBXFileReference; fileEncoding = 4; lastKnownFileType = sourcecode.c.objc; path = RockWaitView.m; sourceTree = "<group>"; };
		483805A319DD8C52003C283A /* DSHistoryViewController.h */ = {isa = PBXFileReference; fileEncoding = 4; lastKnownFileType = sourcecode.c.h; path = DSHistoryViewController.h; sourceTree = "<group>"; };
		483805A419DD8C52003C283A /* DSHistoryViewController.m */ = {isa = PBXFileReference; fileEncoding = 4; lastKnownFileType = sourcecode.c.objc; path = DSHistoryViewController.m; sourceTree = "<group>"; };
		483805A519DD8C52003C283A /* DSHistoryViewController.xib */ = {isa = PBXFileReference; fileEncoding = 4; lastKnownFileType = file.xib; path = DSHistoryViewController.xib; sourceTree = "<group>"; };
		483805A819DD974F003C283A /* HistoryViewController.h */ = {isa = PBXFileReference; fileEncoding = 4; lastKnownFileType = sourcecode.c.h; path = HistoryViewController.h; sourceTree = "<group>"; };
		483805A919DD974F003C283A /* HistoryViewController.m */ = {isa = PBXFileReference; fileEncoding = 4; lastKnownFileType = sourcecode.c.objc; path = HistoryViewController.m; sourceTree = "<group>"; };
		483805AB19DD981C003C283A /* AboutViewController.h */ = {isa = PBXFileReference; fileEncoding = 4; lastKnownFileType = sourcecode.c.h; path = AboutViewController.h; sourceTree = "<group>"; };
		483805AC19DD981C003C283A /* AboutViewController.m */ = {isa = PBXFileReference; fileEncoding = 4; lastKnownFileType = sourcecode.c.objc; path = AboutViewController.m; sourceTree = "<group>"; };
		483805AD19DD981C003C283A /* AboutViewController.xib */ = {isa = PBXFileReference; fileEncoding = 4; lastKnownFileType = file.xib; path = AboutViewController.xib; sourceTree = "<group>"; };
		485F191E19F7E67200824BF5 /* BMapKit.h */ = {isa = PBXFileReference; fileEncoding = 4; lastKnownFileType = sourcecode.c.h; path = BMapKit.h; sourceTree = "<group>"; };
		485F191F19F7E67200824BF5 /* BMKActionPaopaoView.h */ = {isa = PBXFileReference; fileEncoding = 4; lastKnownFileType = sourcecode.c.h; path = BMKActionPaopaoView.h; sourceTree = "<group>"; };
		485F192019F7E67200824BF5 /* BMKAnnotation.h */ = {isa = PBXFileReference; fileEncoding = 4; lastKnownFileType = sourcecode.c.h; path = BMKAnnotation.h; sourceTree = "<group>"; };
		485F192119F7E67200824BF5 /* BMKAnnotationView.h */ = {isa = PBXFileReference; fileEncoding = 4; lastKnownFileType = sourcecode.c.h; path = BMKAnnotationView.h; sourceTree = "<group>"; };
		485F192219F7E67200824BF5 /* BMKArcline.h */ = {isa = PBXFileReference; fileEncoding = 4; lastKnownFileType = sourcecode.c.h; path = BMKArcline.h; sourceTree = "<group>"; };
		485F192319F7E67200824BF5 /* BMKArclineView.h */ = {isa = PBXFileReference; fileEncoding = 4; lastKnownFileType = sourcecode.c.h; path = BMKArclineView.h; sourceTree = "<group>"; };
		485F192419F7E67200824BF5 /* BMKBaseComponent.h */ = {isa = PBXFileReference; fileEncoding = 4; lastKnownFileType = sourcecode.c.h; path = BMKBaseComponent.h; sourceTree = "<group>"; };
		485F192519F7E67200824BF5 /* BMKBusLineSearch.h */ = {isa = PBXFileReference; fileEncoding = 4; lastKnownFileType = sourcecode.c.h; path = BMKBusLineSearch.h; sourceTree = "<group>"; };
		485F192619F7E67200824BF5 /* BMKBusLineSearchOption.h */ = {isa = PBXFileReference; fileEncoding = 4; lastKnownFileType = sourcecode.c.h; path = BMKBusLineSearchOption.h; sourceTree = "<group>"; };
		485F192719F7E67200824BF5 /* BMKCircle.h */ = {isa = PBXFileReference; fileEncoding = 4; lastKnownFileType = sourcecode.c.h; path = BMKCircle.h; sourceTree = "<group>"; };
		485F192819F7E67200824BF5 /* BMKCircleView.h */ = {isa = PBXFileReference; fileEncoding = 4; lastKnownFileType = sourcecode.c.h; path = BMKCircleView.h; sourceTree = "<group>"; };
		485F192919F7E67200824BF5 /* BMKGeneralDelegate.h */ = {isa = PBXFileReference; fileEncoding = 4; lastKnownFileType = sourcecode.c.h; path = BMKGeneralDelegate.h; sourceTree = "<group>"; };
		485F192A19F7E67200824BF5 /* BMKGeocodeSearch.h */ = {isa = PBXFileReference; fileEncoding = 4; lastKnownFileType = sourcecode.c.h; path = BMKGeocodeSearch.h; sourceTree = "<group>"; };
		485F192B19F7E67200824BF5 /* BMKGeocodeSearchOption.h */ = {isa = PBXFileReference; fileEncoding = 4; lastKnownFileType = sourcecode.c.h; path = BMKGeocodeSearchOption.h; sourceTree = "<group>"; };
		485F192C19F7E67200824BF5 /* BMKGeocodeType.h */ = {isa = PBXFileReference; fileEncoding = 4; lastKnownFileType = sourcecode.c.h; path = BMKGeocodeType.h; sourceTree = "<group>"; };
		485F192D19F7E67200824BF5 /* BMKGradient.h */ = {isa = PBXFileReference; fileEncoding = 4; lastKnownFileType = sourcecode.c.h; path = BMKGradient.h; sourceTree = "<group>"; };
		485F192E19F7E67200824BF5 /* BMKGroundOverlay.h */ = {isa = PBXFileReference; fileEncoding = 4; lastKnownFileType = sourcecode.c.h; path = BMKGroundOverlay.h; sourceTree = "<group>"; };
		485F192F19F7E67200824BF5 /* BMKGroundOverlayView.h */ = {isa = PBXFileReference; fileEncoding = 4; lastKnownFileType = sourcecode.c.h; path = BMKGroundOverlayView.h; sourceTree = "<group>"; };
		485F193019F7E67200824BF5 /* BMKHeatMap.h */ = {isa = PBXFileReference; fileEncoding = 4; lastKnownFileType = sourcecode.c.h; path = BMKHeatMap.h; sourceTree = "<group>"; };
		485F193119F7E67200824BF5 /* BMKLocationComponent.h */ = {isa = PBXFileReference; fileEncoding = 4; lastKnownFileType = sourcecode.c.h; path = BMKLocationComponent.h; sourceTree = "<group>"; };
		485F193219F7E67200824BF5 /* BMKLocationService.h */ = {isa = PBXFileReference; fileEncoding = 4; lastKnownFileType = sourcecode.c.h; path = BMKLocationService.h; sourceTree = "<group>"; };
		485F193319F7E67200824BF5 /* BMKLocationViewDisplayParam.h */ = {isa = PBXFileReference; fileEncoding = 4; lastKnownFileType = sourcecode.c.h; path = BMKLocationViewDisplayParam.h; sourceTree = "<group>"; };
		485F193419F7E67200824BF5 /* BMKMapComponent.h */ = {isa = PBXFileReference; fileEncoding = 4; lastKnownFileType = sourcecode.c.h; path = BMKMapComponent.h; sourceTree = "<group>"; };
		485F193519F7E67200824BF5 /* BMKMapManager.h */ = {isa = PBXFileReference; fileEncoding = 4; lastKnownFileType = sourcecode.c.h; path = BMKMapManager.h; sourceTree = "<group>"; };
		485F193619F7E67200824BF5 /* BMKMapStatus.h */ = {isa = PBXFileReference; fileEncoding = 4; lastKnownFileType = sourcecode.c.h; path = BMKMapStatus.h; sourceTree = "<group>"; };
		485F193719F7E67200824BF5 /* BMKMapView.h */ = {isa = PBXFileReference; fileEncoding = 4; lastKnownFileType = sourcecode.c.h; path = BMKMapView.h; sourceTree = "<group>"; };
		485F193819F7E67200824BF5 /* BMKMultiPoint.h */ = {isa = PBXFileReference; fileEncoding = 4; lastKnownFileType = sourcecode.c.h; path = BMKMultiPoint.h; sourceTree = "<group>"; };
		485F193919F7E67200824BF5 /* BMKOfflineMap.h */ = {isa = PBXFileReference; fileEncoding = 4; lastKnownFileType = sourcecode.c.h; path = BMKOfflineMap.h; sourceTree = "<group>"; };
		485F193A19F7E67200824BF5 /* BMKOfflineMapType.h */ = {isa = PBXFileReference; fileEncoding = 4; lastKnownFileType = sourcecode.c.h; path = BMKOfflineMapType.h; sourceTree = "<group>"; };
		485F193B19F7E67200824BF5 /* BMKOverlay.h */ = {isa = PBXFileReference; fileEncoding = 4; lastKnownFileType = sourcecode.c.h; path = BMKOverlay.h; sourceTree = "<group>"; };
		485F193C19F7E67200824BF5 /* BMKOverlayGLBasicView.h */ = {isa = PBXFileReference; fileEncoding = 4; lastKnownFileType = sourcecode.c.h; path = BMKOverlayGLBasicView.h; sourceTree = "<group>"; };
		485F193D19F7E67200824BF5 /* BMKOverlayPathView.h */ = {isa = PBXFileReference; fileEncoding = 4; lastKnownFileType = sourcecode.c.h; path = BMKOverlayPathView.h; sourceTree = "<group>"; };
		485F193E19F7E67200824BF5 /* BMKOverlayView.h */ = {isa = PBXFileReference; fileEncoding = 4; lastKnownFileType = sourcecode.c.h; path = BMKOverlayView.h; sourceTree = "<group>"; };
		485F193F19F7E67200824BF5 /* BMKPinAnnotationView.h */ = {isa = PBXFileReference; fileEncoding = 4; lastKnownFileType = sourcecode.c.h; path = BMKPinAnnotationView.h; sourceTree = "<group>"; };
		485F194019F7E67200824BF5 /* BMKPointAnnotation.h */ = {isa = PBXFileReference; fileEncoding = 4; lastKnownFileType = sourcecode.c.h; path = BMKPointAnnotation.h; sourceTree = "<group>"; };
		485F194119F7E67200824BF5 /* BMKPoiSearch.h */ = {isa = PBXFileReference; fileEncoding = 4; lastKnownFileType = sourcecode.c.h; path = BMKPoiSearch.h; sourceTree = "<group>"; };
		485F194219F7E67200824BF5 /* BMKPoiSearchOption.h */ = {isa = PBXFileReference; fileEncoding = 4; lastKnownFileType = sourcecode.c.h; path = BMKPoiSearchOption.h; sourceTree = "<group>"; };
		485F194319F7E67200824BF5 /* BMKPoiSearchType.h */ = {isa = PBXFileReference; fileEncoding = 4; lastKnownFileType = sourcecode.c.h; path = BMKPoiSearchType.h; sourceTree = "<group>"; };
		485F194419F7E67200824BF5 /* BMKPolygon.h */ = {isa = PBXFileReference; fileEncoding = 4; lastKnownFileType = sourcecode.c.h; path = BMKPolygon.h; sourceTree = "<group>"; };
		485F194519F7E67200824BF5 /* BMKPolygonView.h */ = {isa = PBXFileReference; fileEncoding = 4; lastKnownFileType = sourcecode.c.h; path = BMKPolygonView.h; sourceTree = "<group>"; };
		485F194619F7E67200824BF5 /* BMKPolyline.h */ = {isa = PBXFileReference; fileEncoding = 4; lastKnownFileType = sourcecode.c.h; path = BMKPolyline.h; sourceTree = "<group>"; };
		485F194719F7E67200824BF5 /* BMKPolylineView.h */ = {isa = PBXFileReference; fileEncoding = 4; lastKnownFileType = sourcecode.c.h; path = BMKPolylineView.h; sourceTree = "<group>"; };
		485F194819F7E67200824BF5 /* BMKRouteSearch.h */ = {isa = PBXFileReference; fileEncoding = 4; lastKnownFileType = sourcecode.c.h; path = BMKRouteSearch.h; sourceTree = "<group>"; };
		485F194919F7E67200824BF5 /* BMKRouteSearchOption.h */ = {isa = PBXFileReference; fileEncoding = 4; lastKnownFileType = sourcecode.c.h; path = BMKRouteSearchOption.h; sourceTree = "<group>"; };
		485F194A19F7E67200824BF5 /* BMKRouteSearchType.h */ = {isa = PBXFileReference; fileEncoding = 4; lastKnownFileType = sourcecode.c.h; path = BMKRouteSearchType.h; sourceTree = "<group>"; };
		485F194B19F7E67200824BF5 /* BMKSearchComponent.h */ = {isa = PBXFileReference; fileEncoding = 4; lastKnownFileType = sourcecode.c.h; path = BMKSearchComponent.h; sourceTree = "<group>"; };
		485F194C19F7E67200824BF5 /* BMKShape.h */ = {isa = PBXFileReference; fileEncoding = 4; lastKnownFileType = sourcecode.c.h; path = BMKShape.h; sourceTree = "<group>"; };
		485F194D19F7E67200824BF5 /* BMKShareURLSearch.h */ = {isa = PBXFileReference; fileEncoding = 4; lastKnownFileType = sourcecode.c.h; path = BMKShareURLSearch.h; sourceTree = "<group>"; };
		485F194E19F7E67200824BF5 /* BMKShareUrlSearchOption.h */ = {isa = PBXFileReference; fileEncoding = 4; lastKnownFileType = sourcecode.c.h; path = BMKShareUrlSearchOption.h; sourceTree = "<group>"; };
		485F194F19F7E67200824BF5 /* BMKSuggestionSearch.h */ = {isa = PBXFileReference; fileEncoding = 4; lastKnownFileType = sourcecode.c.h; path = BMKSuggestionSearch.h; sourceTree = "<group>"; };
		485F195019F7E67200824BF5 /* BMKSuggestionSearchOption.h */ = {isa = PBXFileReference; fileEncoding = 4; lastKnownFileType = sourcecode.c.h; path = BMKSuggestionSearchOption.h; sourceTree = "<group>"; };
		485F195119F7E67200824BF5 /* BMKTypes.h */ = {isa = PBXFileReference; fileEncoding = 4; lastKnownFileType = sourcecode.c.h; path = BMKTypes.h; sourceTree = "<group>"; };
		485F195219F7E67200824BF5 /* BMKUserLocation.h */ = {isa = PBXFileReference; fileEncoding = 4; lastKnownFileType = sourcecode.c.h; path = BMKUserLocation.h; sourceTree = "<group>"; };
		485F195319F7E67200824BF5 /* BMKVersion.h */ = {isa = PBXFileReference; fileEncoding = 4; lastKnownFileType = sourcecode.c.h; path = BMKVersion.h; sourceTree = "<group>"; };
		485F195819F93C2E00824BF5 /* libbaidumapapi.a */ = {isa = PBXFileReference; lastKnownFileType = archive.ar; path = libbaidumapapi.a; sourceTree = "<group>"; };
		485FD4B219E37467002E3C94 /* Mobile.txt */ = {isa = PBXFileReference; fileEncoding = 4; lastKnownFileType = text; path = Mobile.txt; sourceTree = "<group>"; };
		489E33FC19E55FE400A296AC /* mapapi.bundle */ = {isa = PBXFileReference; lastKnownFileType = "wrapper.plug-in"; path = mapapi.bundle; sourceTree = "<group>"; };
		489E340419E5734400A296AC /* CoreLocation.framework */ = {isa = PBXFileReference; lastKnownFileType = wrapper.framework; name = CoreLocation.framework; path = System/Library/Frameworks/CoreLocation.framework; sourceTree = SDKROOT; };
		489E340619E5734C00A296AC /* QuartzCore.framework */ = {isa = PBXFileReference; lastKnownFileType = wrapper.framework; name = QuartzCore.framework; path = System/Library/Frameworks/QuartzCore.framework; sourceTree = SDKROOT; };
		489E340819E5735300A296AC /* OpenGLES.framework */ = {isa = PBXFileReference; lastKnownFileType = wrapper.framework; name = OpenGLES.framework; path = System/Library/Frameworks/OpenGLES.framework; sourceTree = SDKROOT; };
		489E340A19E5736A00A296AC /* Security.framework */ = {isa = PBXFileReference; lastKnownFileType = wrapper.framework; name = Security.framework; path = System/Library/Frameworks/Security.framework; sourceTree = SDKROOT; };
		489E343919E6B53800A296AC /* 58.png */ = {isa = PBXFileReference; lastKnownFileType = image.png; path = 58.png; sourceTree = "<group>"; };
		489E343A19E6B53800A296AC /* 87.png */ = {isa = PBXFileReference; lastKnownFileType = image.png; path = 87.png; sourceTree = "<group>"; };
		489E343B19E6B53800A296AC /* 120.png */ = {isa = PBXFileReference; lastKnownFileType = image.png; path = 120.png; sourceTree = "<group>"; };
		489E343C19E6B53800A296AC /* 128.png */ = {isa = PBXFileReference; lastKnownFileType = image.png; path = 128.png; sourceTree = "<group>"; };
		489E343D19E6B53800A296AC /* 180.png */ = {isa = PBXFileReference; lastKnownFileType = image.png; path = 180.png; sourceTree = "<group>"; };
		489E343E19E6B53800A296AC /* 256.png */ = {isa = PBXFileReference; lastKnownFileType = image.png; path = 256.png; sourceTree = "<group>"; };
		489E343F19E6B53800A296AC /* 512.png */ = {isa = PBXFileReference; lastKnownFileType = image.png; path = 512.png; sourceTree = "<group>"; };
		489E344019E6B53800A296AC /* 1024.png */ = {isa = PBXFileReference; lastKnownFileType = image.png; path = 1024.png; sourceTree = "<group>"; };
		489E344919E6B93000A296AC /* 80.png */ = {isa = PBXFileReference; lastKnownFileType = image.png; path = 80.png; sourceTree = "<group>"; };
/* End PBXFileReference section */

/* Begin PBXFrameworksBuildPhase section */
		482B8BB019D4702C00FDC224 /* Frameworks */ = {
			isa = PBXFrameworksBuildPhase;
			buildActionMask = 2147483647;
			files = (
				489E340B19E5736A00A296AC /* Security.framework in Frameworks */,
				481E0E3119D9987000FFEE91 /* CoreGraphics.framework in Frameworks */,
				481E0E2D19D9986300FFEE91 /* SystemConfiguration.framework in Frameworks */,
				489E340919E5735300A296AC /* OpenGLES.framework in Frameworks */,
				489E340719E5734C00A296AC /* QuartzCore.framework in Frameworks */,
				489E340519E5734400A296AC /* CoreLocation.framework in Frameworks */,
				481E0E3319D9987F00FFEE91 /* libz.1.2.5.dylib in Frameworks */,
				485F195919F93C2E00824BF5 /* libbaidumapapi.a in Frameworks */,
				481E0E2F19D9986A00FFEE91 /* MobileCoreServices.framework in Frameworks */,
				481E0E2B19D9985400FFEE91 /* CFNetwork.framework in Frameworks */,
			);
			runOnlyForDeploymentPostprocessing = 0;
		};
		482B8BC919D4702D00FDC224 /* Frameworks */ = {
			isa = PBXFrameworksBuildPhase;
			buildActionMask = 2147483647;
			files = (
			);
			runOnlyForDeploymentPostprocessing = 0;
		};
/* End PBXFrameworksBuildPhase section */

/* Begin PBXGroup section */
		481E0D8719D993BD00FFEE91 /* 3rd */ = {
			isa = PBXGroup;
			children = (
				489E33C419E55FE400A296AC /* Baidu */,
				481E0E0919D996D100FFEE91 /* ASIHttpRequest */,
			);
			path = 3rd;
			sourceTree = "<group>";
		};
		481E0E0919D996D100FFEE91 /* ASIHttpRequest */ = {
			isa = PBXGroup;
			children = (
				481E0E2619D9977600FFEE91 /* Reachability */,
				481E0E0A19D996D100FFEE91 /* ASIAuthenticationDialog.h */,
				481E0E0B19D996D100FFEE91 /* ASIAuthenticationDialog.m */,
				481E0E0C19D996D100FFEE91 /* ASICacheDelegate.h */,
				481E0E0D19D996D100FFEE91 /* ASIDataCompressor.h */,
				481E0E0E19D996D100FFEE91 /* ASIDataCompressor.m */,
				481E0E0F19D996D100FFEE91 /* ASIDataDecompressor.h */,
				481E0E1019D996D100FFEE91 /* ASIDataDecompressor.m */,
				481E0E1119D996D100FFEE91 /* ASIDownloadCache.h */,
				481E0E1219D996D100FFEE91 /* ASIDownloadCache.m */,
				481E0E1319D996D100FFEE91 /* ASIFormDataRequest.h */,
				481E0E1419D996D100FFEE91 /* ASIFormDataRequest.m */,
				481E0E1519D996D100FFEE91 /* ASIHTTPRequest.h */,
				481E0E1619D996D100FFEE91 /* ASIHTTPRequest.m */,
				481E0E1719D996D100FFEE91 /* ASIHTTPRequestConfig.h */,
				481E0E1819D996D100FFEE91 /* ASIHTTPRequestDelegate.h */,
				481E0E1919D996D100FFEE91 /* ASIInputStream.h */,
				481E0E1A19D996D100FFEE91 /* ASIInputStream.m */,
				481E0E1B19D996D100FFEE91 /* ASINetworkQueue.h */,
				481E0E1C19D996D100FFEE91 /* ASINetworkQueue.m */,
				481E0E1D19D996D100FFEE91 /* ASIProgressDelegate.h */,
			);
			path = ASIHttpRequest;
			sourceTree = "<group>";
		};
		481E0E2619D9977600FFEE91 /* Reachability */ = {
			isa = PBXGroup;
			children = (
				481E0E2719D9977600FFEE91 /* Reachability.h */,
				481E0E2819D9977600FFEE91 /* Reachability.m */,
			);
			path = Reachability;
			sourceTree = "<group>";
		};
		482B8BAA19D4702C00FDC224 = {
			isa = PBXGroup;
			children = (
				489E340A19E5736A00A296AC /* Security.framework */,
				489E340819E5735300A296AC /* OpenGLES.framework */,
				489E340619E5734C00A296AC /* QuartzCore.framework */,
				489E340419E5734400A296AC /* CoreLocation.framework */,
				481E0E3219D9987F00FFEE91 /* libz.1.2.5.dylib */,
				481E0E3019D9987000FFEE91 /* CoreGraphics.framework */,
				481E0E2E19D9986A00FFEE91 /* MobileCoreServices.framework */,
				481E0E2C19D9986300FFEE91 /* SystemConfiguration.framework */,
				481E0E2A19D9985400FFEE91 /* CFNetwork.framework */,
				482B8BB519D4702C00FDC224 /* GPSLocation */,
				482B8BCF19D4702D00FDC224 /* GPSLocationTests */,
				482B8BB419D4702C00FDC224 /* Products */,
			);
			sourceTree = "<group>";
		};
		482B8BB419D4702C00FDC224 /* Products */ = {
			isa = PBXGroup;
			children = (
				482B8BB319D4702C00FDC224 /* GPSLocation.app */,
				482B8BCC19D4702D00FDC224 /* GPSLocationTests.xctest */,
			);
			name = Products;
			sourceTree = "<group>";
		};
		482B8BB519D4702C00FDC224 /* GPSLocation */ = {
			isa = PBXGroup;
			children = (
				485FD4B219E37467002E3C94 /* Mobile.txt */,
				4838059D19DCF301003C283A /* RockWaitView.h */,
				4838059E19DCF301003C283A /* RockWaitView.m */,
				481E0D8719D993BD00FFEE91 /* 3rd */,
				482B8BBA19D4702C00FDC224 /* AppDelegate.h */,
				482B8BBB19D4702C00FDC224 /* AppDelegate.mm */,
				482B8BBD19D4702C00FDC224 /* ViewController.h */,
				482B8BBE19D4702C00FDC224 /* ViewController.m */,
				482B8BC019D4702D00FDC224 /* Main.storyboard */,
				482B8BC319D4702D00FDC224 /* Images.xcassets */,
				482B8BC519D4702D00FDC224 /* LaunchScreen.xib */,
				482B8BB619D4702C00FDC224 /* Supporting Files */,
				481E0D7619D83E5C00FFEE91 /* SSLocationViewController.h */,
				481E0D7719D83E5C00FFEE91 /* SSLocationViewController.m */,
				483805AB19DD981C003C283A /* AboutViewController.h */,
				483805AC19DD981C003C283A /* AboutViewController.m */,
				483805AD19DD981C003C283A /* AboutViewController.xib */,
				483805A819DD974F003C283A /* HistoryViewController.h */,
				483805A919DD974F003C283A /* HistoryViewController.m */,
				483805A319DD8C52003C283A /* DSHistoryViewController.h */,
				483805A419DD8C52003C283A /* DSHistoryViewController.m */,
				483805A519DD8C52003C283A /* DSHistoryViewController.xib */,
				481E0D7C19D83F2E00FFEE91 /* DSLocationViewController.h */,
				481E0D7D19D83F2E00FFEE91 /* DSLocationViewController.m */,
				481E0D7E19D83F2E00FFEE91 /* DSLocationViewController.xib */,
			);
			path = GPSLocation;
			sourceTree = "<group>";
		};
		482B8BB619D4702C00FDC224 /* Supporting Files */ = {
			isa = PBXGroup;
			children = (
				482B8BDC19D4717600FDC224 /* Resource */,
				482B8BB719D4702C00FDC224 /* Info.plist */,
				482B8BB819D4702C00FDC224 /* main.m */,
			);
			name = "Supporting Files";
			sourceTree = "<group>";
		};
		482B8BCF19D4702D00FDC224 /* GPSLocationTests */ = {
			isa = PBXGroup;
			children = (
				482B8BD219D4702D00FDC224 /* GPSLocationTests.m */,
				482B8BD019D4702D00FDC224 /* Supporting Files */,
			);
			path = GPSLocationTests;
			sourceTree = "<group>";
		};
		482B8BD019D4702D00FDC224 /* Supporting Files */ = {
			isa = PBXGroup;
			children = (
				482B8BD119D4702D00FDC224 /* Info.plist */,
			);
			name = "Supporting Files";
			sourceTree = "<group>";
		};
		482B8BDC19D4717600FDC224 /* Resource */ = {
			isa = PBXGroup;
			children = (
				482B8BDD19D4717600FDC224 /* Image */,
			);
			path = Resource;
			sourceTree = "<group>";
		};
		482B8BDD19D4717600FDC224 /* Image */ = {
			isa = PBXGroup;
			children = (
				489E342419E57DD300A296AC /* icon */,
				481E0D8319D9864900FFEE91 /* day_select.png */,
				481E0D8419D9864900FFEE91 /* day_un_select.png */,
				481E0D8119D841C900FFEE91 /* back.png */,
				482B8BDE19D4717600FDC224 /* round_1.png */,
				482B8BDF19D4717600FDC224 /* round_2.png */,
				482B8BE019D4717600FDC224 /* round_3.png */,
				482B8BE119D4717600FDC224 /* round_4.png */,
				482B8BE219D4717600FDC224 /* round_5.png */,
			);
			path = Image;
			sourceTree = "<group>";
		};
		485F195719F93C2E00824BF5 /* Release-iphonesimulator */ = {
			isa = PBXGroup;
			children = (
				485F195819F93C2E00824BF5 /* libbaidumapapi.a */,
			);
			path = "Release-iphonesimulator";
			sourceTree = "<group>";
		};
		489E33C419E55FE400A296AC /* Baidu */ = {
			isa = PBXGroup;
			children = (
				485F195719F93C2E00824BF5 /* Release-iphonesimulator */,
				489E33C519E55FE400A296AC /* inc */,
				489E33FC19E55FE400A296AC /* mapapi.bundle */,
			);
			path = Baidu;
			sourceTree = "<group>";
		};
		489E33C519E55FE400A296AC /* inc */ = {
			isa = PBXGroup;
			children = (
				485F191E19F7E67200824BF5 /* BMapKit.h */,
				485F191F19F7E67200824BF5 /* BMKActionPaopaoView.h */,
				485F192019F7E67200824BF5 /* BMKAnnotation.h */,
				485F192119F7E67200824BF5 /* BMKAnnotationView.h */,
				485F192219F7E67200824BF5 /* BMKArcline.h */,
				485F192319F7E67200824BF5 /* BMKArclineView.h */,
				485F192419F7E67200824BF5 /* BMKBaseComponent.h */,
				485F192519F7E67200824BF5 /* BMKBusLineSearch.h */,
				485F192619F7E67200824BF5 /* BMKBusLineSearchOption.h */,
				485F192719F7E67200824BF5 /* BMKCircle.h */,
				485F192819F7E67200824BF5 /* BMKCircleView.h */,
				485F192919F7E67200824BF5 /* BMKGeneralDelegate.h */,
				485F192A19F7E67200824BF5 /* BMKGeocodeSearch.h */,
				485F192B19F7E67200824BF5 /* BMKGeocodeSearchOption.h */,
				485F192C19F7E67200824BF5 /* BMKGeocodeType.h */,
				485F192D19F7E67200824BF5 /* BMKGradient.h */,
				485F192E19F7E67200824BF5 /* BMKGroundOverlay.h */,
				485F192F19F7E67200824BF5 /* BMKGroundOverlayView.h */,
				485F193019F7E67200824BF5 /* BMKHeatMap.h */,
				485F193119F7E67200824BF5 /* BMKLocationComponent.h */,
				485F193219F7E67200824BF5 /* BMKLocationService.h */,
				485F193319F7E67200824BF5 /* BMKLocationViewDisplayParam.h */,
				485F193419F7E67200824BF5 /* BMKMapComponent.h */,
				485F193519F7E67200824BF5 /* BMKMapManager.h */,
				485F193619F7E67200824BF5 /* BMKMapStatus.h */,
				485F193719F7E67200824BF5 /* BMKMapView.h */,
				485F193819F7E67200824BF5 /* BMKMultiPoint.h */,
				485F193919F7E67200824BF5 /* BMKOfflineMap.h */,
				485F193A19F7E67200824BF5 /* BMKOfflineMapType.h */,
				485F193B19F7E67200824BF5 /* BMKOverlay.h */,
				485F193C19F7E67200824BF5 /* BMKOverlayGLBasicView.h */,
				485F193D19F7E67200824BF5 /* BMKOverlayPathView.h */,
				485F193E19F7E67200824BF5 /* BMKOverlayView.h */,
				485F193F19F7E67200824BF5 /* BMKPinAnnotationView.h */,
				485F194019F7E67200824BF5 /* BMKPointAnnotation.h */,
				485F194119F7E67200824BF5 /* BMKPoiSearch.h */,
				485F194219F7E67200824BF5 /* BMKPoiSearchOption.h */,
				485F194319F7E67200824BF5 /* BMKPoiSearchType.h */,
				485F194419F7E67200824BF5 /* BMKPolygon.h */,
				485F194519F7E67200824BF5 /* BMKPolygonView.h */,
				485F194619F7E67200824BF5 /* BMKPolyline.h */,
				485F194719F7E67200824BF5 /* BMKPolylineView.h */,
				485F194819F7E67200824BF5 /* BMKRouteSearch.h */,
				485F194919F7E67200824BF5 /* BMKRouteSearchOption.h */,
				485F194A19F7E67200824BF5 /* BMKRouteSearchType.h */,
				485F194B19F7E67200824BF5 /* BMKSearchComponent.h */,
				485F194C19F7E67200824BF5 /* BMKShape.h */,
				485F194D19F7E67200824BF5 /* BMKShareURLSearch.h */,
				485F194E19F7E67200824BF5 /* BMKShareUrlSearchOption.h */,
				485F194F19F7E67200824BF5 /* BMKSuggestionSearch.h */,
				485F195019F7E67200824BF5 /* BMKSuggestionSearchOption.h */,
				485F195119F7E67200824BF5 /* BMKTypes.h */,
				485F195219F7E67200824BF5 /* BMKUserLocation.h */,
				485F195319F7E67200824BF5 /* BMKVersion.h */,
			);
			path = inc;
			sourceTree = "<group>";
		};
		489E342419E57DD300A296AC /* icon */ = {
			isa = PBXGroup;
			children = (
				489E344919E6B93000A296AC /* 80.png */,
				489E343919E6B53800A296AC /* 58.png */,
				489E343A19E6B53800A296AC /* 87.png */,
				489E343B19E6B53800A296AC /* 120.png */,
				489E343C19E6B53800A296AC /* 128.png */,
				489E343D19E6B53800A296AC /* 180.png */,
				489E343E19E6B53800A296AC /* 256.png */,
				489E343F19E6B53800A296AC /* 512.png */,
				489E344019E6B53800A296AC /* 1024.png */,
			);
			path = icon;
			sourceTree = "<group>";
		};
/* End PBXGroup section */

/* Begin PBXNativeTarget section */
		482B8BB219D4702C00FDC224 /* GPSLocation */ = {
			isa = PBXNativeTarget;
			buildConfigurationList = 482B8BD619D4702D00FDC224 /* Build configuration list for PBXNativeTarget "GPSLocation" */;
			buildPhases = (
				482B8BAF19D4702C00FDC224 /* Sources */,
				482B8BB019D4702C00FDC224 /* Frameworks */,
				482B8BB119D4702C00FDC224 /* Resources */,
			);
			buildRules = (
			);
			dependencies = (
			);
			name = GPSLocation;
			productName = GPSLocation;
			productReference = 482B8BB319D4702C00FDC224 /* GPSLocation.app */;
			productType = "com.apple.product-type.application";
		};
		482B8BCB19D4702D00FDC224 /* GPSLocationTests */ = {
			isa = PBXNativeTarget;
			buildConfigurationList = 482B8BD919D4702D00FDC224 /* Build configuration list for PBXNativeTarget "GPSLocationTests" */;
			buildPhases = (
				482B8BC819D4702D00FDC224 /* Sources */,
				482B8BC919D4702D00FDC224 /* Frameworks */,
				482B8BCA19D4702D00FDC224 /* Resources */,
			);
			buildRules = (
			);
			dependencies = (
				482B8BCE19D4702D00FDC224 /* PBXTargetDependency */,
			);
			name = GPSLocationTests;
			productName = GPSLocationTests;
			productReference = 482B8BCC19D4702D00FDC224 /* GPSLocationTests.xctest */;
			productType = "com.apple.product-type.bundle.unit-test";
		};
/* End PBXNativeTarget section */

/* Begin PBXProject section */
		482B8BAB19D4702C00FDC224 /* Project object */ = {
			isa = PBXProject;
			attributes = {
				LastUpgradeCheck = 0600;
				ORGANIZATIONNAME = "zhuang chaoxiao";
				TargetAttributes = {
					482B8BB219D4702C00FDC224 = {
						CreatedOnToolsVersion = 6.0;
						DevelopmentTeam = 398SEH57CU;
					};
					482B8BCB19D4702D00FDC224 = {
						CreatedOnToolsVersion = 6.0;
						TestTargetID = 482B8BB219D4702C00FDC224;
					};
				};
			};
			buildConfigurationList = 482B8BAE19D4702C00FDC224 /* Build configuration list for PBXProject "GPSLocation" */;
			compatibilityVersion = "Xcode 3.2";
			developmentRegion = English;
			hasScannedForEncodings = 0;
			knownRegions = (
				en,
				Base,
			);
			mainGroup = 482B8BAA19D4702C00FDC224;
			productRefGroup = 482B8BB419D4702C00FDC224 /* Products */;
			projectDirPath = "";
			projectRoot = "";
			targets = (
				482B8BB219D4702C00FDC224 /* GPSLocation */,
				482B8BCB19D4702D00FDC224 /* GPSLocationTests */,
			);
		};
/* End PBXProject section */

/* Begin PBXResourcesBuildPhase section */
		482B8BB119D4702C00FDC224 /* Resources */ = {
			isa = PBXResourcesBuildPhase;
			buildActionMask = 2147483647;
			files = (
				483805A719DD8C52003C283A /* DSHistoryViewController.xib in Resources */,
				489E344119E6B53800A296AC /* 58.png in Resources */,
				482B8BC219D4702D00FDC224 /* Main.storyboard in Resources */,
				489E344619E6B53800A296AC /* 256.png in Resources */,
				482B8BC719D4702D00FDC224 /* LaunchScreen.xib in Resources */,
				481E0D8519D9864900FFEE91 /* day_select.png in Resources */,
				482B8BE719D4717600FDC224 /* round_5.png in Resources */,
				482B8BE419D4717600FDC224 /* round_2.png in Resources */,
				485FD4B319E37467002E3C94 /* Mobile.txt in Resources */,
				489E344219E6B53800A296AC /* 87.png in Resources */,
				489E344A19E6B93000A296AC /* 80.png in Resources */,
				489E344519E6B53800A296AC /* 180.png in Resources */,
				489E344419E6B53800A296AC /* 128.png in Resources */,
				482B8BE319D4717600FDC224 /* round_1.png in Resources */,
				482B8BE619D4717600FDC224 /* round_4.png in Resources */,
				483805AF19DD981C003C283A /* AboutViewController.xib in Resources */,
				481E0D8219D841C900FFEE91 /* back.png in Resources */,
				481E0D8019D83F2E00FFEE91 /* DSLocationViewController.xib in Resources */,
				482B8BE519D4717600FDC224 /* round_3.png in Resources */,
				489E344819E6B53800A296AC /* 1024.png in Resources */,
				489E344719E6B53800A296AC /* 512.png in Resources */,
				489E340119E55FE400A296AC /* mapapi.bundle in Resources */,
				482B8BC419D4702D00FDC224 /* Images.xcassets in Resources */,
				481E0D8619D9864900FFEE91 /* day_un_select.png in Resources */,
				489E344319E6B53800A296AC /* 120.png in Resources */,
			);
			runOnlyForDeploymentPostprocessing = 0;
		};
		482B8BCA19D4702D00FDC224 /* Resources */ = {
			isa = PBXResourcesBuildPhase;
			buildActionMask = 2147483647;
			files = (
			);
			runOnlyForDeploymentPostprocessing = 0;
		};
/* End PBXResourcesBuildPhase section */

/* Begin PBXSourcesBuildPhase section */
		482B8BAF19D4702C00FDC224 /* Sources */ = {
			isa = PBXSourcesBuildPhase;
			buildActionMask = 2147483647;
			files = (
				483805AE19DD981C003C283A /* AboutViewController.m in Sources */,
				482B8BBF19D4702C00FDC224 /* ViewController.m in Sources */,
				481E0E1E19D996D100FFEE91 /* ASIAuthenticationDialog.m in Sources */,
				481E0E1F19D996D100FFEE91 /* ASIDataCompressor.m in Sources */,
				482B8BBC19D4702C00FDC224 /* AppDelegate.mm in Sources */,
				482B8BB919D4702C00FDC224 /* main.m in Sources */,
				483805AA19DD974F003C283A /* HistoryViewController.m in Sources */,
				481E0E2319D996D100FFEE91 /* ASIHTTPRequest.m in Sources */,
				481E0E2219D996D100FFEE91 /* ASIFormDataRequest.m in Sources */,
				4838059F19DCF301003C283A /* RockWaitView.m in Sources */,
				481E0E2119D996D100FFEE91 /* ASIDownloadCache.m in Sources */,
				481E0E2419D996D100FFEE91 /* ASIInputStream.m in Sources */,
				481E0E2019D996D100FFEE91 /* ASIDataDecompressor.m in Sources */,
				481E0E2919D9977600FFEE91 /* Reachability.m in Sources */,
				483805A619DD8C52003C283A /* DSHistoryViewController.m in Sources */,
				481E0E2519D996D100FFEE91 /* ASINetworkQueue.m in Sources */,
				481E0D7819D83E5C00FFEE91 /* SSLocationViewController.m in Sources */,
				481E0D7F19D83F2E00FFEE91 /* DSLocationViewController.m in Sources */,
			);
			runOnlyForDeploymentPostprocessing = 0;
		};
		482B8BC819D4702D00FDC224 /* Sources */ = {
			isa = PBXSourcesBuildPhase;
			buildActionMask = 2147483647;
			files = (
				482B8BD319D4702D00FDC224 /* GPSLocationTests.m in Sources */,
			);
			runOnlyForDeploymentPostprocessing = 0;
		};
/* End PBXSourcesBuildPhase section */

/* Begin PBXTargetDependency section */
		482B8BCE19D4702D00FDC224 /* PBXTargetDependency */ = {
			isa = PBXTargetDependency;
			target = 482B8BB219D4702C00FDC224 /* GPSLocation */;
			targetProxy = 482B8BCD19D4702D00FDC224 /* PBXContainerItemProxy */;
		};
/* End PBXTargetDependency section */

/* Begin PBXVariantGroup section */
		482B8BC019D4702D00FDC224 /* Main.storyboard */ = {
			isa = PBXVariantGroup;
			children = (
				482B8BC119D4702D00FDC224 /* Base */,
			);
			name = Main.storyboard;
			sourceTree = "<group>";
		};
		482B8BC519D4702D00FDC224 /* LaunchScreen.xib */ = {
			isa = PBXVariantGroup;
			children = (
				482B8BC619D4702D00FDC224 /* Base */,
			);
			name = LaunchScreen.xib;
			sourceTree = "<group>";
		};
/* End PBXVariantGroup section */

/* Begin XCBuildConfiguration section */
		482B8BD419D4702D00FDC224 /* Debug */ = {
			isa = XCBuildConfiguration;
			buildSettings = {
				ALWAYS_SEARCH_USER_PATHS = NO;
				CLANG_CXX_LANGUAGE_STANDARD = "gnu++0x";
				CLANG_CXX_LIBRARY = "libc++";
				CLANG_ENABLE_MODULES = YES;
				CLANG_ENABLE_OBJC_ARC = YES;
				CLANG_WARN_BOOL_CONVERSION = YES;
				CLANG_WARN_CONSTANT_CONVERSION = YES;
				CLANG_WARN_DIRECT_OBJC_ISA_USAGE = YES_ERROR;
				CLANG_WARN_EMPTY_BODY = YES;
				CLANG_WARN_ENUM_CONVERSION = YES;
				CLANG_WARN_INT_CONVERSION = YES;
				CLANG_WARN_OBJC_ROOT_CLASS = YES_ERROR;
				CLANG_WARN_UNREACHABLE_CODE = YES;
				CLANG_WARN__DUPLICATE_METHOD_MATCH = YES;
				"CODE_SIGN_IDENTITY[sdk=iphoneos*]" = "iPhone Developer";
				COPY_PHASE_STRIP = NO;
				ENABLE_STRICT_OBJC_MSGSEND = YES;
				GCC_C_LANGUAGE_STANDARD = gnu99;
				GCC_DYNAMIC_NO_PIC = NO;
				GCC_OPTIMIZATION_LEVEL = 0;
				GCC_PREPROCESSOR_DEFINITIONS = (
					"DEBUG=1",
					"$(inherited)",
				);
				GCC_SYMBOLS_PRIVATE_EXTERN = NO;
				GCC_WARN_64_TO_32_BIT_CONVERSION = YES;
				GCC_WARN_ABOUT_RETURN_TYPE = YES_ERROR;
				GCC_WARN_UNDECLARED_SELECTOR = YES;
				GCC_WARN_UNINITIALIZED_AUTOS = YES_AGGRESSIVE;
				GCC_WARN_UNUSED_FUNCTION = YES;
				GCC_WARN_UNUSED_VARIABLE = YES;
				IPHONEOS_DEPLOYMENT_TARGET = 8.0;
				MTL_ENABLE_DEBUG_INFO = YES;
				ONLY_ACTIVE_ARCH = YES;
				SDKROOT = iphoneos;
			};
			name = Debug;
		};
		482B8BD519D4702D00FDC224 /* Release */ = {
			isa = XCBuildConfiguration;
			buildSettings = {
				ALWAYS_SEARCH_USER_PATHS = NO;
				CLANG_CXX_LANGUAGE_STANDARD = "gnu++0x";
				CLANG_CXX_LIBRARY = "libc++";
				CLANG_ENABLE_MODULES = YES;
				CLANG_ENABLE_OBJC_ARC = YES;
				CLANG_WARN_BOOL_CONVERSION = YES;
				CLANG_WARN_CONSTANT_CONVERSION = YES;
				CLANG_WARN_DIRECT_OBJC_ISA_USAGE = YES_ERROR;
				CLANG_WARN_EMPTY_BODY = YES;
				CLANG_WARN_ENUM_CONVERSION = YES;
				CLANG_WARN_INT_CONVERSION = YES;
				CLANG_WARN_OBJC_ROOT_CLASS = YES_ERROR;
				CLANG_WARN_UNREACHABLE_CODE = YES;
				CLANG_WARN__DUPLICATE_METHOD_MATCH = YES;
				"CODE_SIGN_IDENTITY[sdk=iphoneos*]" = "iPhone Developer";
				COPY_PHASE_STRIP = YES;
				ENABLE_NS_ASSERTIONS = NO;
				ENABLE_STRICT_OBJC_MSGSEND = YES;
				GCC_C_LANGUAGE_STANDARD = gnu99;
				GCC_WARN_64_TO_32_BIT_CONVERSION = YES;
				GCC_WARN_ABOUT_RETURN_TYPE = YES_ERROR;
				GCC_WARN_UNDECLARED_SELECTOR = YES;
				GCC_WARN_UNINITIALIZED_AUTOS = YES_AGGRESSIVE;
				GCC_WARN_UNUSED_FUNCTION = YES;
				GCC_WARN_UNUSED_VARIABLE = YES;
				IPHONEOS_DEPLOYMENT_TARGET = 8.0;
				MTL_ENABLE_DEBUG_INFO = NO;
				SDKROOT = iphoneos;
				VALIDATE_PRODUCT = YES;
			};
			name = Release;
		};
		482B8BD719D4702D00FDC224 /* Debug */ = {
			isa = XCBuildConfiguration;
			buildSettings = {
				ASSETCATALOG_COMPILER_APPICON_NAME = AppIcon;
				ASSETCATALOG_COMPILER_LAUNCHIMAGE_NAME = LaunchImage;
				CODE_SIGN_IDENTITY = "iPhone Developer";
				INFOPLIST_FILE = GPSLocation/Info.plist;
				LD_RUNPATH_SEARCH_PATHS = "$(inherited) @executable_path/Frameworks";
				LIBRARY_SEARCH_PATHS = (
					"$(SRCROOT)/../libs/Release$(EFFECTIVE_PLATFORM_NAME)",
					"$(inherited)",
					"$(PROJECT_DIR)/GPSLocation/3rd/Baidu/Release-iphonesimulator",
				);
				OTHER_LDFLAGS = "-ObjC";
				PRODUCT_NAME = "$(TARGET_NAME)";
			};
			name = Debug;
		};
		482B8BD819D4702D00FDC224 /* Release */ = {
			isa = XCBuildConfiguration;
			buildSettings = {
				ASSETCATALOG_COMPILER_APPICON_NAME = AppIcon;
				ASSETCATALOG_COMPILER_LAUNCHIMAGE_NAME = LaunchImage;
				CODE_SIGN_IDENTITY = "iPhone Developer";
				INFOPLIST_FILE = GPSLocation/Info.plist;
				LD_RUNPATH_SEARCH_PATHS = "$(inherited) @executable_path/Frameworks";
				LIBRARY_SEARCH_PATHS = (
					"$(SRCROOT)/../libs/Release$(EFFECTIVE_PLATFORM_NAME)",
					"$(inherited)",
					"$(PROJECT_DIR)/GPSLocation/3rd/Baidu/Release-iphonesimulator",
				);
				OTHER_LDFLAGS = "-ObjC";
				PRODUCT_NAME = "$(TARGET_NAME)";
			};
			name = Release;
		};
		482B8BDA19D4702D00FDC224 /* Debug */ = {
			isa = XCBuildConfiguration;
			buildSettings = {
				BUNDLE_LOADER = "$(TEST_HOST)";
				FRAMEWORK_SEARCH_PATHS = (
					"$(SDKROOT)/Developer/Library/Frameworks",
					"$(inherited)",
				);
				GCC_PREPROCESSOR_DEFINITIONS = (
					"DEBUG=1",
					"$(inherited)",
				);
				INFOPLIST_FILE = GPSLocationTests/Info.plist;
				LD_RUNPATH_SEARCH_PATHS = "$(inherited) @executable_path/Frameworks @loader_path/Frameworks";
				PRODUCT_NAME = "$(TARGET_NAME)";
				TEST_HOST = "$(BUILT_PRODUCTS_DIR)/GPSLocation.app/GPSLocation";
			};
			name = Debug;
		};
		482B8BDB19D4702D00FDC224 /* Release */ = {
			isa = XCBuildConfiguration;
			buildSettings = {
				BUNDLE_LOADER = "$(TEST_HOST)";
				FRAMEWORK_SEARCH_PATHS = (
					"$(SDKROOT)/Developer/Library/Frameworks",
					"$(inherited)",
				);
				INFOPLIST_FILE = GPSLocationTests/Info.plist;
				LD_RUNPATH_SEARCH_PATHS = "$(inherited) @executable_path/Frameworks @loader_path/Frameworks";
				PRODUCT_NAME = "$(TARGET_NAME)";
				TEST_HOST = "$(BUILT_PRODUCTS_DIR)/GPSLocation.app/GPSLocation";
			};
			name = Release;
		};
/* End XCBuildConfiguration section */

/* Begin XCConfigurationList section */
		482B8BAE19D4702C00FDC224 /* Build configuration list for PBXProject "GPSLocation" */ = {
			isa = XCConfigurationList;
			buildConfigurations = (
				482B8BD419D4702D00FDC224 /* Debug */,
				482B8BD519D4702D00FDC224 /* Release */,
			);
			defaultConfigurationIsVisible = 0;
			defaultConfigurationName = Release;
		};
		482B8BD619D4702D00FDC224 /* Build configuration list for PBXNativeTarget "GPSLocation" */ = {
			isa = XCConfigurationList;
			buildConfigurations = (
				482B8BD719D4702D00FDC224 /* Debug */,
				482B8BD819D4702D00FDC224 /* Release */,
			);
			defaultConfigurationIsVisible = 0;
			defaultConfigurationName = Release;
		};
		482B8BD919D4702D00FDC224 /* Build configuration list for PBXNativeTarget "GPSLocationTests" */ = {
			isa = XCConfigurationList;
			buildConfigurations = (
				482B8BDA19D4702D00FDC224 /* Debug */,
				482B8BDB19D4702D00FDC224 /* Release */,
			);
			defaultConfigurationIsVisible = 0;
			defaultConfigurationName = Release;
		};
/* End XCConfigurationList section */
	};
	rootObject = 482B8BAB19D4702C00FDC224 /* Project object */;
}
